
Microsoft Visual Studio Solution File, Format Version 12.00
# Visual Studio 2012
Project("{F088123C-0E9E-452A-89E6-6BA2F21D5CAC}") = "LangLearn", "LangLearnModeling\LangLearn.modelproj", "{5812FD3E-FD73-4308-9561-C4243DFA0F3C}"
EndProject
Project("{FAE04EC0-301F-11D3-BF4B-00C04F79EFBC}") = "ModelingProject1Lib", "ModelingProject1Lib\ModelingProject1Lib.csproj", "{58E4B1C9-2C94-4270-B5E5-DE74091D5F72}"
EndProject
Global
	GlobalSection(SolutionConfigurationPlatforms) = preSolution
		Debug|Any CPU = Debug|Any CPU
		Release|Any CPU = Release|Any CPU
	EndGlobalSection
	GlobalSection(ProjectConfigurationPlatforms) = postSolution
		{5812FD3E-FD73-4308-9561-C4243DFA0F3C}.Debug|Any CPU.ActiveCfg = Debug|Any CPU
		{5812FD3E-FD73-4308-9561-C4243DFA0F3C}.Debug|Any CPU.Build.0 = Debug|Any CPU
		{5812FD3E-FD73-4308-9561-C4243DFA0F3C}.Release|Any CPU.ActiveCfg = Release|Any CPU
		{5812FD3E-FD73-4308-9561-C4243DFA0F3C}.Release|Any CPU.Build.0 = Release|Any CPU
		{58E4B1C9-2C94-4270-B5E5-DE74091D5F72}.Debug|Any CPU.ActiveCfg = Debug|Any CPU
		{58E4B1C9-2C94-4270-B5E5-DE74091D5F72}.Debug|Any CPU.Build.0 = Debug|Any CPU
		{58E4B1C9-2C94-4270-B5E5-DE74091D5F72}.Release|Any CPU.ActiveCfg = Release|Any CPU
		{58E4B1C9-2C94-4270-B5E5-DE74091D5F72}.Release|Any CPU.Build.0 = Release|Any CPU
	EndGlobalSection
	GlobalSection(SolutionProperties) = preSolution
		HideSolutionNode = FALSE
	EndGlobalSection
EndGlobal
